
Microsoft Visual Studio Solution File, Format Version 12.00
# Visual Studio Version 16
VisualStudioVersion = 16.0.30517.126
MinimumVisualStudioVersion = 10.0.40219.1
Project("{FAE04EC0-301F-11D3-BF4B-00C04F79EFBC}") = "Lab_09", "Lab_09\Lab_09.csproj", "{B0725570-F1F9-465F-A864-78C8FDD74B5A}"
EndProject
Global
	GlobalSection(SolutionConfigurationPlatforms) = preSolution
		Debug|Any CPU = Debug|Any CPU
		Release|Any CPU = Release|Any CPU
	EndGlobalSection
	GlobalSection(ProjectConfigurationPlatforms) = postSolution
		{B0725570-F1F9-465F-A864-78C8FDD74B5A}.Debug|Any CPU.ActiveCfg = Debug|Any CPU
		{B0725570-F1F9-465F-A864-78C8FDD74B5A}.Debug|Any CPU.Build.0 = Debug|Any CPU
		{B0725570-F1F9-465F-A864-78C8FDD74B5A}.Release|Any CPU.ActiveCfg = Release|Any CPU
		{B0725570-F1F9-465F-A864-78C8FDD74B5A}.Release|Any CPU.Build.0 = Release|Any CPU
	EndGlobalSection
	GlobalSection(SolutionProperties) = preSolution
		HideSolutionNode = FALSE
	EndGlobalSection
	GlobalSection(ExtensibilityGlobals) = postSolution
		SolutionGuid = {FB3DDE05-2234-49C8-966F-BA540D2BB639}
	EndGlobalSection
EndGlobal
